// !$*UTF8*$!
{
	archiveVersion = 1;
	classes = {
	};
	objectVersion = 46;
	objects = {

/* Begin PBXBuildFile section */
		68EE9A4CFFA251267EE2DE21 /* Pods_StellaMcYooxUITests.framework in Frameworks */ = {isa = PBXBuildFile; fileRef = 9513432B103BCB63E28C96B9 /* Pods_StellaMcYooxUITests.framework */; };
		AE33B6851DA25EB4000E4E6A /* AppDelegate.swift in Sources */ = {isa = PBXBuildFile; fileRef = AE33B6841DA25EB4000E4E6A /* AppDelegate.swift */; };
		AE33B68A1DA25EB4000E4E6A /* Main.storyboard in Resources */ = {isa = PBXBuildFile; fileRef = AE33B6881DA25EB4000E4E6A /* Main.storyboard */; };
		AE33B69A1DA25EB4000E4E6A /* StellaMcYooxTests.swift in Sources */ = {isa = PBXBuildFile; fileRef = AE33B6991DA25EB4000E4E6A /* StellaMcYooxTests.swift */; };
		AE33B6A51DA25EB4000E4E6A /* StellaMcYooxUITests.swift in Sources */ = {isa = PBXBuildFile; fileRef = AE33B6A41DA25EB4000E4E6A /* StellaMcYooxUITests.swift */; };
		AE33B6B61DA25ED1000E4E6A /* CategoriesCustomCollectionViewCell.swift in Sources */ = {isa = PBXBuildFile; fileRef = AE33B6B21DA25ED1000E4E6A /* CategoriesCustomCollectionViewCell.swift */; };
		AE33B6B71DA25ED1000E4E6A /* Category.swift in Sources */ = {isa = PBXBuildFile; fileRef = AE33B6B31DA25ED1000E4E6A /* Category.swift */; };
		AE33B6B81DA25ED1000E4E6A /* DetailProductViewController.swift in Sources */ = {isa = PBXBuildFile; fileRef = AE33B6B41DA25ED1000E4E6A /* DetailProductViewController.swift */; };
		AE33B6B91DA25ED1000E4E6A /* HomeViewController.swift in Sources */ = {isa = PBXBuildFile; fileRef = AE33B6B51DA25ED1000E4E6A /* HomeViewController.swift */; };
		AE33B6BE1DA25ED8000E4E6A /* Product.swift in Sources */ = {isa = PBXBuildFile; fileRef = AE33B6BA1DA25ED8000E4E6A /* Product.swift */; };
		AE33B6BF1DA25ED8000E4E6A /* ProductCustomTableViewCell.swift in Sources */ = {isa = PBXBuildFile; fileRef = AE33B6BB1DA25ED8000E4E6A /* ProductCustomTableViewCell.swift */; };
		AE33B6C01DA25ED8000E4E6A /* ProductListTableViewController.swift in Sources */ = {isa = PBXBuildFile; fileRef = AE33B6BC1DA25ED8000E4E6A /* ProductListTableViewController.swift */; };
		AE33B6C11DA25ED8000E4E6A /* StellaYooxSDK.swift in Sources */ = {isa = PBXBuildFile; fileRef = AE33B6BD1DA25ED8000E4E6A /* StellaYooxSDK.swift */; };
		AE33B6C31DA25F53000E4E6A /* Assets.xcassets in Resources */ = {isa = PBXBuildFile; fileRef = AE33B6C21DA25F53000E4E6A /* Assets.xcassets */; };
		AE33B6C51DA263B9000E4E6A /* LaunchScreen.storyboard in Resources */ = {isa = PBXBuildFile; fileRef = AE33B6C41DA263B9000E4E6A /* LaunchScreen.storyboard */; };
		AE33B6CA1DA29ADA000E4E6A /* ProductImage.swift in Sources */ = {isa = PBXBuildFile; fileRef = AE33B6C91DA29ADA000E4E6A /* ProductImage.swift */; };
		AE33B6CC1DA29F72000E4E6A /* NewDetailProductViewController.swift in Sources */ = {isa = PBXBuildFile; fileRef = AE33B6CB1DA29F72000E4E6A /* NewDetailProductViewController.swift */; };
		AE33B6D11DA2A2C4000E4E6A /* ProductCustomCollectionViewCell.swift in Sources */ = {isa = PBXBuildFile; fileRef = AE33B6D01DA2A2C4000E4E6A /* ProductCustomCollectionViewCell.swift */; };
		B76880DA1DB3A3D8004229B8 /* ProductListCollectionViewController.swift in Sources */ = {isa = PBXBuildFile; fileRef = B76880D91DB3A3D8004229B8 /* ProductListCollectionViewController.swift */; };
		B76880DC1DB3B856004229B8 /* ProductListCustomCollectionViewCell.swift in Sources */ = {isa = PBXBuildFile; fileRef = B76880DB1DB3B856004229B8 /* ProductListCustomCollectionViewCell.swift */; };
		C0EE8F8AFCE472B9AE1F8DDF /* Pods_StellaMcYoox.framework in Frameworks */ = {isa = PBXBuildFile; fileRef = 3877638F3C56598BCF7105EF /* Pods_StellaMcYoox.framework */; };
		F1C6A3C91AA4CF8E880A3587 /* Pods_StellaMcYooxTests.framework in Frameworks */ = {isa = PBXBuildFile; fileRef = 19F1B65C70B17013EAB2B8AC /* Pods_StellaMcYooxTests.framework */; };
/* End PBXBuildFile section */

/* Begin PBXContainerItemProxy section */
		AE33B6961DA25EB4000E4E6A /* PBXContainerItemProxy */ = {
			isa = PBXContainerItemProxy;
			containerPortal = AE33B6791DA25EB4000E4E6A /* Project object */;
			proxyType = 1;
			remoteGlobalIDString = AE33B6801DA25EB4000E4E6A;
			remoteInfo = StellaMcYoox;
		};
		AE33B6A11DA25EB4000E4E6A /* PBXContainerItemProxy */ = {
			isa = PBXContainerItemProxy;
			containerPortal = AE33B6791DA25EB4000E4E6A /* Project object */;
			proxyType = 1;
			remoteGlobalIDString = AE33B6801DA25EB4000E4E6A;
			remoteInfo = StellaMcYoox;
		};
/* End PBXContainerItemProxy section */

/* Begin PBXFileReference section */
		19F1B65C70B17013EAB2B8AC /* Pods_StellaMcYooxTests.framework */ = {isa = PBXFileReference; explicitFileType = wrapper.framework; includeInIndex = 0; path = Pods_StellaMcYooxTests.framework; sourceTree = BUILT_PRODUCTS_DIR; };
		3877638F3C56598BCF7105EF /* Pods_StellaMcYoox.framework */ = {isa = PBXFileReference; explicitFileType = wrapper.framework; includeInIndex = 0; path = Pods_StellaMcYoox.framework; sourceTree = BUILT_PRODUCTS_DIR; };
		9513432B103BCB63E28C96B9 /* Pods_StellaMcYooxUITests.framework */ = {isa = PBXFileReference; explicitFileType = wrapper.framework; includeInIndex = 0; path = Pods_StellaMcYooxUITests.framework; sourceTree = BUILT_PRODUCTS_DIR; };
		A2E568415E8E7E810F91D6BB /* Pods-StellaMcYooxUITests.debug.xcconfig */ = {isa = PBXFileReference; includeInIndex = 1; lastKnownFileType = text.xcconfig; name = "Pods-StellaMcYooxUITests.debug.xcconfig"; path = "Pods/Target Support Files/Pods-StellaMcYooxUITests/Pods-StellaMcYooxUITests.debug.xcconfig"; sourceTree = "<group>"; };
		AE33B6811DA25EB4000E4E6A /* StellaMcYoox.app */ = {isa = PBXFileReference; explicitFileType = wrapper.application; includeInIndex = 0; path = StellaMcYoox.app; sourceTree = BUILT_PRODUCTS_DIR; };
		AE33B6841DA25EB4000E4E6A /* AppDelegate.swift */ = {isa = PBXFileReference; lastKnownFileType = sourcecode.swift; path = AppDelegate.swift; sourceTree = "<group>"; };
		AE33B6891DA25EB4000E4E6A /* Base */ = {isa = PBXFileReference; lastKnownFileType = file.storyboard; name = Base; path = Base.lproj/Main.storyboard; sourceTree = "<group>"; };
		AE33B6901DA25EB4000E4E6A /* Info.plist */ = {isa = PBXFileReference; lastKnownFileType = text.plist.xml; path = Info.plist; sourceTree = "<group>"; };
		AE33B6951DA25EB4000E4E6A /* StellaMcYooxTests.xctest */ = {isa = PBXFileReference; explicitFileType = wrapper.cfbundle; includeInIndex = 0; path = StellaMcYooxTests.xctest; sourceTree = BUILT_PRODUCTS_DIR; };
		AE33B6991DA25EB4000E4E6A /* StellaMcYooxTests.swift */ = {isa = PBXFileReference; lastKnownFileType = sourcecode.swift; path = StellaMcYooxTests.swift; sourceTree = "<group>"; };
		AE33B69B1DA25EB4000E4E6A /* Info.plist */ = {isa = PBXFileReference; lastKnownFileType = text.plist.xml; path = Info.plist; sourceTree = "<group>"; };
		AE33B6A01DA25EB4000E4E6A /* StellaMcYooxUITests.xctest */ = {isa = PBXFileReference; explicitFileType = wrapper.cfbundle; includeInIndex = 0; path = StellaMcYooxUITests.xctest; sourceTree = BUILT_PRODUCTS_DIR; };
		AE33B6A41DA25EB4000E4E6A /* StellaMcYooxUITests.swift */ = {isa = PBXFileReference; lastKnownFileType = sourcecode.swift; path = StellaMcYooxUITests.swift; sourceTree = "<group>"; };
		AE33B6A61DA25EB4000E4E6A /* Info.plist */ = {isa = PBXFileReference; lastKnownFileType = text.plist.xml; path = Info.plist; sourceTree = "<group>"; };
		AE33B6B21DA25ED1000E4E6A /* CategoriesCustomCollectionViewCell.swift */ = {isa = PBXFileReference; fileEncoding = 4; lastKnownFileType = sourcecode.swift; path = CategoriesCustomCollectionViewCell.swift; sourceTree = "<group>"; };
		AE33B6B31DA25ED1000E4E6A /* Category.swift */ = {isa = PBXFileReference; fileEncoding = 4; lastKnownFileType = sourcecode.swift; path = Category.swift; sourceTree = "<group>"; };
		AE33B6B41DA25ED1000E4E6A /* DetailProductViewController.swift */ = {isa = PBXFileReference; fileEncoding = 4; lastKnownFileType = sourcecode.swift; path = DetailProductViewController.swift; sourceTree = "<group>"; };
		AE33B6B51DA25ED1000E4E6A /* HomeViewController.swift */ = {isa = PBXFileReference; fileEncoding = 4; lastKnownFileType = sourcecode.swift; path = HomeViewController.swift; sourceTree = "<group>"; };
		AE33B6BA1DA25ED8000E4E6A /* Product.swift */ = {isa = PBXFileReference; fileEncoding = 4; lastKnownFileType = sourcecode.swift; path = Product.swift; sourceTree = "<group>"; };
		AE33B6BB1DA25ED8000E4E6A /* ProductCustomTableViewCell.swift */ = {isa = PBXFileReference; fileEncoding = 4; lastKnownFileType = sourcecode.swift; path = ProductCustomTableViewCell.swift; sourceTree = "<group>"; };
		AE33B6BC1DA25ED8000E4E6A /* ProductListTableViewController.swift */ = {isa = PBXFileReference; fileEncoding = 4; lastKnownFileType = sourcecode.swift; path = ProductListTableViewController.swift; sourceTree = "<group>"; };
		AE33B6BD1DA25ED8000E4E6A /* StellaYooxSDK.swift */ = {isa = PBXFileReference; fileEncoding = 4; lastKnownFileType = sourcecode.swift; path = StellaYooxSDK.swift; sourceTree = "<group>"; };
		AE33B6C21DA25F53000E4E6A /* Assets.xcassets */ = {isa = PBXFileReference; lastKnownFileType = folder.assetcatalog; path = Assets.xcassets; sourceTree = "<group>"; };
		AE33B6C41DA263B9000E4E6A /* LaunchScreen.storyboard */ = {isa = PBXFileReference; fileEncoding = 4; lastKnownFileType = file.storyboard; path = LaunchScreen.storyboard; sourceTree = "<group>"; };
		AE33B6C91DA29ADA000E4E6A /* ProductImage.swift */ = {isa = PBXFileReference; fileEncoding = 4; lastKnownFileType = sourcecode.swift; path = ProductImage.swift; sourceTree = "<group>"; };
		AE33B6CB1DA29F72000E4E6A /* NewDetailProductViewController.swift */ = {isa = PBXFileReference; fileEncoding = 4; lastKnownFileType = sourcecode.swift; path = NewDetailProductViewController.swift; sourceTree = "<group>"; };
		AE33B6D01DA2A2C4000E4E6A /* ProductCustomCollectionViewCell.swift */ = {isa = PBXFileReference; fileEncoding = 4; lastKnownFileType = sourcecode.swift; path = ProductCustomCollectionViewCell.swift; sourceTree = "<group>"; };
		B76880D91DB3A3D8004229B8 /* ProductListCollectionViewController.swift */ = {isa = PBXFileReference; fileEncoding = 4; lastKnownFileType = sourcecode.swift; path = ProductListCollectionViewController.swift; sourceTree = "<group>"; };
		B76880DB1DB3B856004229B8 /* ProductListCustomCollectionViewCell.swift */ = {isa = PBXFileReference; fileEncoding = 4; lastKnownFileType = sourcecode.swift; path = ProductListCustomCollectionViewCell.swift; sourceTree = "<group>"; };
		C1975EFA0BF2B68340E3282E /* Pods-StellaMcYooxUITests.release.xcconfig */ = {isa = PBXFileReference; includeInIndex = 1; lastKnownFileType = text.xcconfig; name = "Pods-StellaMcYooxUITests.release.xcconfig"; path = "Pods/Target Support Files/Pods-StellaMcYooxUITests/Pods-StellaMcYooxUITests.release.xcconfig"; sourceTree = "<group>"; };
		D87E73AE7518078F0D6F5D0F /* Pods-StellaMcYoox.debug.xcconfig */ = {isa = PBXFileReference; includeInIndex = 1; lastKnownFileType = text.xcconfig; name = "Pods-StellaMcYoox.debug.xcconfig"; path = "Pods/Target Support Files/Pods-StellaMcYoox/Pods-StellaMcYoox.debug.xcconfig"; sourceTree = "<group>"; };
		E1AD55CB4A2363DD8F00C33F /* Pods-StellaMcYooxTests.debug.xcconfig */ = {isa = PBXFileReference; includeInIndex = 1; lastKnownFileType = text.xcconfig; name = "Pods-StellaMcYooxTests.debug.xcconfig"; path = "Pods/Target Support Files/Pods-StellaMcYooxTests/Pods-StellaMcYooxTests.debug.xcconfig"; sourceTree = "<group>"; };
		E274CB32FBFC9C085A396FCB /* Pods-StellaMcYoox.release.xcconfig */ = {isa = PBXFileReference; includeInIndex = 1; lastKnownFileType = text.xcconfig; name = "Pods-StellaMcYoox.release.xcconfig"; path = "Pods/Target Support Files/Pods-StellaMcYoox/Pods-StellaMcYoox.release.xcconfig"; sourceTree = "<group>"; };
		E995A2A383927759A31F860A /* Pods-StellaMcYooxTests.release.xcconfig */ = {isa = PBXFileReference; includeInIndex = 1; lastKnownFileType = text.xcconfig; name = "Pods-StellaMcYooxTests.release.xcconfig"; path = "Pods/Target Support Files/Pods-StellaMcYooxTests/Pods-StellaMcYooxTests.release.xcconfig"; sourceTree = "<group>"; };
/* End PBXFileReference section */

/* Begin PBXFrameworksBuildPhase section */
		AE33B67E1DA25EB4000E4E6A /* Frameworks */ = {
			isa = PBXFrameworksBuildPhase;
			buildActionMask = 2147483647;
			files = (
				C0EE8F8AFCE472B9AE1F8DDF /* Pods_StellaMcYoox.framework in Frameworks */,
			);
			runOnlyForDeploymentPostprocessing = 0;
		};
		AE33B6921DA25EB4000E4E6A /* Frameworks */ = {
			isa = PBXFrameworksBuildPhase;
			buildActionMask = 2147483647;
			files = (
				F1C6A3C91AA4CF8E880A3587 /* Pods_StellaMcYooxTests.framework in Frameworks */,
			);
			runOnlyForDeploymentPostprocessing = 0;
		};
		AE33B69D1DA25EB4000E4E6A /* Frameworks */ = {
			isa = PBXFrameworksBuildPhase;
			buildActionMask = 2147483647;
			files = (
				68EE9A4CFFA251267EE2DE21 /* Pods_StellaMcYooxUITests.framework in Frameworks */,
			);
			runOnlyForDeploymentPostprocessing = 0;
		};
/* End PBXFrameworksBuildPhase section */

/* Begin PBXGroup section */
		80C65060E3F2E8D77AF9BCF6 /* Frameworks */ = {
			isa = PBXGroup;
			children = (
				3877638F3C56598BCF7105EF /* Pods_StellaMcYoox.framework */,
				19F1B65C70B17013EAB2B8AC /* Pods_StellaMcYooxTests.framework */,
				9513432B103BCB63E28C96B9 /* Pods_StellaMcYooxUITests.framework */,
			);
			name = Frameworks;
			sourceTree = "<group>";
		};
		AE33B6781DA25EB4000E4E6A = {
			isa = PBXGroup;
			children = (
				AE33B6831DA25EB4000E4E6A /* StellaMcYoox */,
				AE33B6981DA25EB4000E4E6A /* StellaMcYooxTests */,
				AE33B6A31DA25EB4000E4E6A /* StellaMcYooxUITests */,
				AE33B6821DA25EB4000E4E6A /* Products */,
				E6B56A07DCD3444E31427DA8 /* Pods */,
				80C65060E3F2E8D77AF9BCF6 /* Frameworks */,
			);
			sourceTree = "<group>";
		};
		AE33B6821DA25EB4000E4E6A /* Products */ = {
			isa = PBXGroup;
			children = (
				AE33B6811DA25EB4000E4E6A /* StellaMcYoox.app */,
				AE33B6951DA25EB4000E4E6A /* StellaMcYooxTests.xctest */,
				AE33B6A01DA25EB4000E4E6A /* StellaMcYooxUITests.xctest */,
			);
			name = Products;
			sourceTree = "<group>";
		};
		AE33B6831DA25EB4000E4E6A /* StellaMcYoox */ = {
			isa = PBXGroup;
			children = (
				AE33B6BD1DA25ED8000E4E6A /* StellaYooxSDK.swift */,
				AE33B6C61DA264EB000E4E6A /* Categories */,
				B76880D81DB3A377004229B8 /* Product List Collection View */,
				AE33B6C71DA26507000E4E6A /* ProductList TableView */,
				AE33B6CD1DA2A105000E4E6A /* Detail Product */,
				AE33B6C21DA25F53000E4E6A /* Assets.xcassets */,
				AE33B6841DA25EB4000E4E6A /* AppDelegate.swift */,
				AE33B6881DA25EB4000E4E6A /* Main.storyboard */,
				AE33B6C41DA263B9000E4E6A /* LaunchScreen.storyboard */,
				AE33B6901DA25EB4000E4E6A /* Info.plist */,
			);
			path = StellaMcYoox;
			sourceTree = "<group>";
		};
		AE33B6981DA25EB4000E4E6A /* StellaMcYooxTests */ = {
			isa = PBXGroup;
			children = (
				AE33B6991DA25EB4000E4E6A /* StellaMcYooxTests.swift */,
				AE33B69B1DA25EB4000E4E6A /* Info.plist */,
			);
			path = StellaMcYooxTests;
			sourceTree = "<group>";
		};
		AE33B6A31DA25EB4000E4E6A /* StellaMcYooxUITests */ = {
			isa = PBXGroup;
			children = (
				AE33B6A41DA25EB4000E4E6A /* StellaMcYooxUITests.swift */,
				AE33B6A61DA25EB4000E4E6A /* Info.plist */,
			);
			path = StellaMcYooxUITests;
			sourceTree = "<group>";
		};
		AE33B6C61DA264EB000E4E6A /* Categories */ = {
			isa = PBXGroup;
			children = (
				AE33B6B51DA25ED1000E4E6A /* HomeViewController.swift */,
				AE33B6B31DA25ED1000E4E6A /* Category.swift */,
				AE33B6B21DA25ED1000E4E6A /* CategoriesCustomCollectionViewCell.swift */,
			);
			name = Categories;
			sourceTree = "<group>";
		};
		AE33B6C71DA26507000E4E6A /* ProductList TableView */ = {
			isa = PBXGroup;
			children = (
				AE33B6BA1DA25ED8000E4E6A /* Product.swift */,
				AE33B6BB1DA25ED8000E4E6A /* ProductCustomTableViewCell.swift */,
				AE33B6BC1DA25ED8000E4E6A /* ProductListTableViewController.swift */,
			);
			name = "ProductList TableView";
			sourceTree = "<group>";
		};
		AE33B6C81DA29AAF000E4E6A /* ProductImage */ = {
			isa = PBXGroup;
			children = (
				AE33B6D01DA2A2C4000E4E6A /* ProductCustomCollectionViewCell.swift */,
				AE33B6C91DA29ADA000E4E6A /* ProductImage.swift */,
			);
			name = ProductImage;
			sourceTree = "<group>";
		};
		AE33B6CD1DA2A105000E4E6A /* Detail Product */ = {
			isa = PBXGroup;
			children = (
				AE33B6B41DA25ED1000E4E6A /* DetailProductViewController.swift */,
				AE33B6CB1DA29F72000E4E6A /* NewDetailProductViewController.swift */,
				AE33B6C81DA29AAF000E4E6A /* ProductImage */,
			);
			name = "Detail Product";
			sourceTree = "<group>";
		};
		B76880D81DB3A377004229B8 /* Product List Collection View */ = {
			isa = PBXGroup;
			children = (
				B76880D91DB3A3D8004229B8 /* ProductListCollectionViewController.swift */,
				B76880DB1DB3B856004229B8 /* ProductListCustomCollectionViewCell.swift */,
			);
			name = "Product List Collection View";
			sourceTree = "<group>";
		};
		E6B56A07DCD3444E31427DA8 /* Pods */ = {
			isa = PBXGroup;
			children = (
				D87E73AE7518078F0D6F5D0F /* Pods-StellaMcYoox.debug.xcconfig */,
				E274CB32FBFC9C085A396FCB /* Pods-StellaMcYoox.release.xcconfig */,
				E1AD55CB4A2363DD8F00C33F /* Pods-StellaMcYooxTests.debug.xcconfig */,
				E995A2A383927759A31F860A /* Pods-StellaMcYooxTests.release.xcconfig */,
				A2E568415E8E7E810F91D6BB /* Pods-StellaMcYooxUITests.debug.xcconfig */,
				C1975EFA0BF2B68340E3282E /* Pods-StellaMcYooxUITests.release.xcconfig */,
			);
			name = Pods;
			sourceTree = "<group>";
		};
/* End PBXGroup section */

/* Begin PBXNativeTarget section */
		AE33B6801DA25EB4000E4E6A /* StellaMcYoox */ = {
			isa = PBXNativeTarget;
			buildConfigurationList = AE33B6A91DA25EB4000E4E6A /* Build configuration list for PBXNativeTarget "StellaMcYoox" */;
			buildPhases = (
				3C28901C66F49A3808B5FC6B /* [CP] Check Pods Manifest.lock */,
				AE33B67D1DA25EB4000E4E6A /* Sources */,
				AE33B67E1DA25EB4000E4E6A /* Frameworks */,
				AE33B67F1DA25EB4000E4E6A /* Resources */,
				E52356275D2AC41D8A2E8493 /* [CP] Embed Pods Frameworks */,
				B567AABE8E69FA755CFEC815 /* [CP] Copy Pods Resources */,
			);
			buildRules = (
			);
			dependencies = (
			);
			name = StellaMcYoox;
			productName = StellaMcYoox;
			productReference = AE33B6811DA25EB4000E4E6A /* StellaMcYoox.app */;
			productType = "com.apple.product-type.application";
		};
		AE33B6941DA25EB4000E4E6A /* StellaMcYooxTests */ = {
			isa = PBXNativeTarget;
			buildConfigurationList = AE33B6AC1DA25EB4000E4E6A /* Build configuration list for PBXNativeTarget "StellaMcYooxTests" */;
			buildPhases = (
				9CE2BCAA76B9757A2A4046E2 /* [CP] Check Pods Manifest.lock */,
				AE33B6911DA25EB4000E4E6A /* Sources */,
				AE33B6921DA25EB4000E4E6A /* Frameworks */,
				AE33B6931DA25EB4000E4E6A /* Resources */,
				F5B61F247F3DA9ECE0983174 /* [CP] Embed Pods Frameworks */,
				67247D0783A205F902356017 /* [CP] Copy Pods Resources */,
			);
			buildRules = (
			);
			dependencies = (
				AE33B6971DA25EB4000E4E6A /* PBXTargetDependency */,
			);
			name = StellaMcYooxTests;
			productName = StellaMcYooxTests;
			productReference = AE33B6951DA25EB4000E4E6A /* StellaMcYooxTests.xctest */;
			productType = "com.apple.product-type.bundle.unit-test";
		};
		AE33B69F1DA25EB4000E4E6A /* StellaMcYooxUITests */ = {
			isa = PBXNativeTarget;
			buildConfigurationList = AE33B6AF1DA25EB4000E4E6A /* Build configuration list for PBXNativeTarget "StellaMcYooxUITests" */;
			buildPhases = (
				F71B7F112C58A874B26FB2BE /* [CP] Check Pods Manifest.lock */,
				AE33B69C1DA25EB4000E4E6A /* Sources */,
				AE33B69D1DA25EB4000E4E6A /* Frameworks */,
				AE33B69E1DA25EB4000E4E6A /* Resources */,
				D68C30127CE7993BA66D432F /* [CP] Copy Pods Resources */,
				81489ABCE41DF5B108B06E22 /* [CP] Embed Pods Frameworks */,
			);
			buildRules = (
			);
			dependencies = (
				AE33B6A21DA25EB4000E4E6A /* PBXTargetDependency */,
			);
			name = StellaMcYooxUITests;
			productName = StellaMcYooxUITests;
			productReference = AE33B6A01DA25EB4000E4E6A /* StellaMcYooxUITests.xctest */;
			productType = "com.apple.product-type.bundle.ui-testing";
		};
/* End PBXNativeTarget section */

/* Begin PBXProject section */
		AE33B6791DA25EB4000E4E6A /* Project object */ = {
			isa = PBXProject;
			attributes = {
				LastSwiftUpdateCheck = 0730;
				LastUpgradeCheck = 0730;
				ORGANIZATIONNAME = "CPM Development";
				TargetAttributes = {
					AE33B6801DA25EB4000E4E6A = {
						CreatedOnToolsVersion = 7.3.1;
					};
					AE33B6941DA25EB4000E4E6A = {
						CreatedOnToolsVersion = 7.3.1;
						TestTargetID = AE33B6801DA25EB4000E4E6A;
					};
					AE33B69F1DA25EB4000E4E6A = {
						CreatedOnToolsVersion = 7.3.1;
						TestTargetID = AE33B6801DA25EB4000E4E6A;
					};
				};
			};
			buildConfigurationList = AE33B67C1DA25EB4000E4E6A /* Build configuration list for PBXProject "StellaMcYoox" */;
			compatibilityVersion = "Xcode 3.2";
			developmentRegion = English;
			hasScannedForEncodings = 0;
			knownRegions = (
				en,
				Base,
			);
			mainGroup = AE33B6781DA25EB4000E4E6A;
			productRefGroup = AE33B6821DA25EB4000E4E6A /* Products */;
			projectDirPath = "";
			projectRoot = "";
			targets = (
				AE33B6801DA25EB4000E4E6A /* StellaMcYoox */,
				AE33B6941DA25EB4000E4E6A /* StellaMcYooxTests */,
				AE33B69F1DA25EB4000E4E6A /* StellaMcYooxUITests */,
			);
		};
/* End PBXProject section */

/* Begin PBXResourcesBuildPhase section */
		AE33B67F1DA25EB4000E4E6A /* Resources */ = {
			isa = PBXResourcesBuildPhase;
			buildActionMask = 2147483647;
			files = (
				AE33B6C51DA263B9000E4E6A /* LaunchScreen.storyboard in Resources */,
				AE33B6C31DA25F53000E4E6A /* Assets.xcassets in Resources */,
				AE33B68A1DA25EB4000E4E6A /* Main.storyboard in Resources */,
			);
			runOnlyForDeploymentPostprocessing = 0;
		};
		AE33B6931DA25EB4000E4E6A /* Resources */ = {
			isa = PBXResourcesBuildPhase;
			buildActionMask = 2147483647;
			files = (
			);
			runOnlyForDeploymentPostprocessing = 0;
		};
		AE33B69E1DA25EB4000E4E6A /* Resources */ = {
			isa = PBXResourcesBuildPhase;
			buildActionMask = 2147483647;
			files = (
			);
			runOnlyForDeploymentPostprocessing = 0;
		};
/* End PBXResourcesBuildPhase section */

/* Begin PBXShellScriptBuildPhase section */
		3C28901C66F49A3808B5FC6B /* [CP] Check Pods Manifest.lock */ = {
			isa = PBXShellScriptBuildPhase;
			buildActionMask = 2147483647;
			files = (
			);
			inputPaths = (
			);
			name = "[CP] Check Pods Manifest.lock";
			outputPaths = (
			);
			runOnlyForDeploymentPostprocessing = 0;
			shellPath = /bin/sh;
			shellScript = "diff \"${PODS_ROOT}/../Podfile.lock\" \"${PODS_ROOT}/Manifest.lock\" > /dev/null\nif [ $? != 0 ] ; then\n    # print error to STDERR\n    echo \"error: The sandbox is not in sync with the Podfile.lock. Run 'pod install' or update your CocoaPods installation.\" >&2\n    exit 1\nfi\n";
			showEnvVarsInLog = 0;
		};
		67247D0783A205F902356017 /* [CP] Copy Pods Resources */ = {
			isa = PBXShellScriptBuildPhase;
			buildActionMask = 2147483647;
			files = (
			);
			inputPaths = (
			);
			name = "[CP] Copy Pods Resources";
			outputPaths = (
			);
			runOnlyForDeploymentPostprocessing = 0;
			shellPath = /bin/sh;
			shellScript = "\"${SRCROOT}/Pods/Target Support Files/Pods-StellaMcYooxTests/Pods-StellaMcYooxTests-resources.sh\"\n";
			showEnvVarsInLog = 0;
		};
		81489ABCE41DF5B108B06E22 /* [CP] Embed Pods Frameworks */ = {
			isa = PBXShellScriptBuildPhase;
			buildActionMask = 2147483647;
			files = (
			);
			inputPaths = (
			);
			name = "[CP] Embed Pods Frameworks";
			outputPaths = (
			);
			runOnlyForDeploymentPostprocessing = 0;
			shellPath = /bin/sh;
			shellScript = "\"${SRCROOT}/Pods/Target Support Files/Pods-StellaMcYooxUITests/Pods-StellaMcYooxUITests-frameworks.sh\"\n";
			showEnvVarsInLog = 0;
		};
		9CE2BCAA76B9757A2A4046E2 /* [CP] Check Pods Manifest.lock */ = {
			isa = PBXShellScriptBuildPhase;
			buildActionMask = 2147483647;
			files = (
			);
			inputPaths = (
			);
			name = "[CP] Check Pods Manifest.lock";
			outputPaths = (
			);
			runOnlyForDeploymentPostprocessing = 0;
			shellPath = /bin/sh;
			shellScript = "diff \"${PODS_ROOT}/../Podfile.lock\" \"${PODS_ROOT}/Manifest.lock\" > /dev/null\nif [ $? != 0 ] ; then\n    # print error to STDERR\n    echo \"error: The sandbox is not in sync with the Podfile.lock. Run 'pod install' or update your CocoaPods installation.\" >&2\n    exit 1\nfi\n";
			showEnvVarsInLog = 0;
		};
		B567AABE8E69FA755CFEC815 /* [CP] Copy Pods Resources */ = {
			isa = PBXShellScriptBuildPhase;
			buildActionMask = 2147483647;
			files = (
			);
			inputPaths = (
			);
			name = "[CP] Copy Pods Resources";
			outputPaths = (
			);
			runOnlyForDeploymentPostprocessing = 0;
			shellPath = /bin/sh;
			shellScript = "\"${SRCROOT}/Pods/Target Support Files/Pods-StellaMcYoox/Pods-StellaMcYoox-resources.sh\"\n";
			showEnvVarsInLog = 0;
		};
		D68C30127CE7993BA66D432F /* [CP] Copy Pods Resources */ = {
			isa = PBXShellScriptBuildPhase;
			buildActionMask = 2147483647;
			files = (
			);
			inputPaths = (
			);
			name = "[CP] Copy Pods Resources";
			outputPaths = (
			);
			runOnlyForDeploymentPostprocessing = 0;
			shellPath = /bin/sh;
			shellScript = "\"${SRCROOT}/Pods/Target Support Files/Pods-StellaMcYooxUITests/Pods-StellaMcYooxUITests-resources.sh\"\n";
			showEnvVarsInLog = 0;
		};
		E52356275D2AC41D8A2E8493 /* [CP] Embed Pods Frameworks */ = {
			isa = PBXShellScriptBuildPhase;
			buildActionMask = 2147483647;
			files = (
			);
			inputPaths = (
			);
			name = "[CP] Embed Pods Frameworks";
			outputPaths = (
			);
			runOnlyForDeploymentPostprocessing = 0;
			shellPath = /bin/sh;
			shellScript = "\"${SRCROOT}/Pods/Target Support Files/Pods-StellaMcYoox/Pods-StellaMcYoox-frameworks.sh\"\n";
			showEnvVarsInLog = 0;
		};
		F5B61F247F3DA9ECE0983174 /* [CP] Embed Pods Frameworks */ = {
			isa = PBXShellScriptBuildPhase;
			buildActionMask = 2147483647;
			files = (
			);
			inputPaths = (
			);
			name = "[CP] Embed Pods Frameworks";
			outputPaths = (
			);
			runOnlyForDeploymentPostprocessing = 0;
			shellPath = /bin/sh;
			shellScript = "\"${SRCROOT}/Pods/Target Support Files/Pods-StellaMcYooxTests/Pods-StellaMcYooxTests-frameworks.sh\"\n";
			showEnvVarsInLog = 0;
		};
		F71B7F112C58A874B26FB2BE /* [CP] Check Pods Manifest.lock */ = {
			isa = PBXShellScriptBuildPhase;
			buildActionMask = 2147483647;
			files = (
			);
			inputPaths = (
			);
			name = "[CP] Check Pods Manifest.lock";
			outputPaths = (
			);
			runOnlyForDeploymentPostprocessing = 0;
			shellPath = /bin/sh;
			shellScript = "diff \"${PODS_ROOT}/../Podfile.lock\" \"${PODS_ROOT}/Manifest.lock\" > /dev/null\nif [ $? != 0 ] ; then\n    # print error to STDERR\n    echo \"error: The sandbox is not in sync with the Podfile.lock. Run 'pod install' or update your CocoaPods installation.\" >&2\n    exit 1\nfi\n";
			showEnvVarsInLog = 0;
		};
/* End PBXShellScriptBuildPhase section */

/* Begin PBXSourcesBuildPhase section */
		AE33B67D1DA25EB4000E4E6A /* Sources */ = {
			isa = PBXSourcesBuildPhase;
			buildActionMask = 2147483647;
			files = (
				AE33B6B61DA25ED1000E4E6A /* CategoriesCustomCollectionViewCell.swift in Sources */,
				AE33B6851DA25EB4000E4E6A /* AppDelegate.swift in Sources */,
				AE33B6B71DA25ED1000E4E6A /* Category.swift in Sources */,
				AE33B6D11DA2A2C4000E4E6A /* ProductCustomCollectionViewCell.swift in Sources */,
				AE33B6C11DA25ED8000E4E6A /* StellaYooxSDK.swift in Sources */,
				B76880DC1DB3B856004229B8 /* ProductListCustomCollectionViewCell.swift in Sources */,
				AE33B6BF1DA25ED8000E4E6A /* ProductCustomTableViewCell.swift in Sources */,
				AE33B6CC1DA29F72000E4E6A /* NewDetailProductViewController.swift in Sources */,
				AE33B6C01DA25ED8000E4E6A /* ProductListTableViewController.swift in Sources */,
				B76880DA1DB3A3D8004229B8 /* ProductListCollectionViewController.swift in Sources */,
				AE33B6B81DA25ED1000E4E6A /* DetailProductViewController.swift in Sources */,
				AE33B6CA1DA29ADA000E4E6A /* ProductImage.swift in Sources */,
				AE33B6B91DA25ED1000E4E6A /* HomeViewController.swift in Sources */,
				AE33B6BE1DA25ED8000E4E6A /* Product.swift in Sources */,
			);
			runOnlyForDeploymentPostprocessing = 0;
		};
		AE33B6911DA25EB4000E4E6A /* Sources */ = {
			isa = PBXSourcesBuildPhase;
			buildActionMask = 2147483647;
			files = (
				AE33B69A1DA25EB4000E4E6A /* StellaMcYooxTests.swift in Sources */,
			);
			runOnlyForDeploymentPostprocessing = 0;
		};
		AE33B69C1DA25EB4000E4E6A /* Sources */ = {
			isa = PBXSourcesBuildPhase;
			buildActionMask = 2147483647;
			files = (
				AE33B6A51DA25EB4000E4E6A /* StellaMcYooxUITests.swift in Sources */,
			);
			runOnlyForDeploymentPostprocessing = 0;
		};
/* End PBXSourcesBuildPhase section */

/* Begin PBXTargetDependency section */
		AE33B6971DA25EB4000E4E6A /* PBXTargetDependency */ = {
			isa = PBXTargetDependency;
			target = AE33B6801DA25EB4000E4E6A /* StellaMcYoox */;
			targetProxy = AE33B6961DA25EB4000E4E6A /* PBXContainerItemProxy */;
		};
		AE33B6A21DA25EB4000E4E6A /* PBXTargetDependency */ = {
			isa = PBXTargetDependency;
			target = AE33B6801DA25EB4000E4E6A /* StellaMcYoox */;
			targetProxy = AE33B6A11DA25EB4000E4E6A /* PBXContainerItemProxy */;
		};
/* End PBXTargetDependency section */

/* Begin PBXVariantGroup section */
		AE33B6881DA25EB4000E4E6A /* Main.storyboard */ = {
			isa = PBXVariantGroup;
			children = (
				AE33B6891DA25EB4000E4E6A /* Base */,
			);
			name = Main.storyboard;
			sourceTree = "<group>";
		};
/* End PBXVariantGroup section */

/* Begin XCBuildConfiguration section */
		AE33B6A71DA25EB4000E4E6A /* Debug */ = {
			isa = XCBuildConfiguration;
			buildSettings = {
				ALWAYS_SEARCH_USER_PATHS = NO;
				CLANG_ANALYZER_NONNULL = YES;
				CLANG_CXX_LANGUAGE_STANDARD = "gnu++0x";
				CLANG_CXX_LIBRARY = "libc++";
				CLANG_ENABLE_MODULES = YES;
				CLANG_ENABLE_OBJC_ARC = YES;
				CLANG_WARN_BOOL_CONVERSION = YES;
				CLANG_WARN_CONSTANT_CONVERSION = YES;
				CLANG_WARN_DIRECT_OBJC_ISA_USAGE = YES_ERROR;
				CLANG_WARN_EMPTY_BODY = YES;
				CLANG_WARN_ENUM_CONVERSION = YES;
				CLANG_WARN_INT_CONVERSION = YES;
				CLANG_WARN_OBJC_ROOT_CLASS = YES_ERROR;
				CLANG_WARN_UNREACHABLE_CODE = YES;
				CLANG_WARN__DUPLICATE_METHOD_MATCH = YES;
				"CODE_SIGN_IDENTITY[sdk=iphoneos*]" = "iPhone Developer";
				COPY_PHASE_STRIP = NO;
				DEBUG_INFORMATION_FORMAT = dwarf;
				ENABLE_STRICT_OBJC_MSGSEND = YES;
				ENABLE_TESTABILITY = YES;
				GCC_C_LANGUAGE_STANDARD = gnu99;
				GCC_DYNAMIC_NO_PIC = NO;
				GCC_NO_COMMON_BLOCKS = YES;
				GCC_OPTIMIZATION_LEVEL = 0;
				GCC_PREPROCESSOR_DEFINITIONS = (
					"DEBUG=1",
					"$(inherited)",
				);
				GCC_WARN_64_TO_32_BIT_CONVERSION = YES;
				GCC_WARN_ABOUT_RETURN_TYPE = YES_ERROR;
				GCC_WARN_UNDECLARED_SELECTOR = YES;
				GCC_WARN_UNINITIALIZED_AUTOS = YES_AGGRESSIVE;
				GCC_WARN_UNUSED_FUNCTION = YES;
				GCC_WARN_UNUSED_VARIABLE = YES;
				IPHONEOS_DEPLOYMENT_TARGET = 9.3;
				MTL_ENABLE_DEBUG_INFO = YES;
				ONLY_ACTIVE_ARCH = YES;
				SDKROOT = iphoneos;
				SWIFT_OPTIMIZATION_LEVEL = "-Onone";
			};
			name = Debug;
		};
		AE33B6A81DA25EB4000E4E6A /* Release */ = {
			isa = XCBuildConfiguration;
			buildSettings = {
				ALWAYS_SEARCH_USER_PATHS = NO;
				CLANG_ANALYZER_NONNULL = YES;
				CLANG_CXX_LANGUAGE_STANDARD = "gnu++0x";
				CLANG_CXX_LIBRARY = "libc++";
				CLANG_ENABLE_MODULES = YES;
				CLANG_ENABLE_OBJC_ARC = YES;
				CLANG_WARN_BOOL_CONVERSION = YES;
				CLANG_WARN_CONSTANT_CONVERSION = YES;
				CLANG_WARN_DIRECT_OBJC_ISA_USAGE = YES_ERROR;
				CLANG_WARN_EMPTY_BODY = YES;
				CLANG_WARN_ENUM_CONVERSION = YES;
				CLANG_WARN_INT_CONVERSION = YES;
				CLANG_WARN_OBJC_ROOT_CLASS = YES_ERROR;
				CLANG_WARN_UNREACHABLE_CODE = YES;
				CLANG_WARN__DUPLICATE_METHOD_MATCH = YES;
				"CODE_SIGN_IDENTITY[sdk=iphoneos*]" = "iPhone Developer";
				COPY_PHASE_STRIP = NO;
				DEBUG_INFORMATION_FORMAT = "dwarf-with-dsym";
				ENABLE_NS_ASSERTIONS = NO;
				ENABLE_STRICT_OBJC_MSGSEND = YES;
				GCC_C_LANGUAGE_STANDARD = gnu99;
				GCC_NO_COMMON_BLOCKS = YES;
				GCC_WARN_64_TO_32_BIT_CONVERSION = YES;
				GCC_WARN_ABOUT_RETURN_TYPE = YES_ERROR;
				GCC_WARN_UNDECLARED_SELECTOR = YES;
				GCC_WARN_UNINITIALIZED_AUTOS = YES_AGGRESSIVE;
				GCC_WARN_UNUSED_FUNCTION = YES;
				GCC_WARN_UNUSED_VARIABLE = YES;
				IPHONEOS_DEPLOYMENT_TARGET = 9.3;
				MTL_ENABLE_DEBUG_INFO = NO;
				SDKROOT = iphoneos;
				VALIDATE_PRODUCT = YES;
			};
			name = Release;
		};
		AE33B6AA1DA25EB4000E4E6A /* Debug */ = {
			isa = XCBuildConfiguration;
			baseConfigurationReference = D87E73AE7518078F0D6F5D0F /* Pods-StellaMcYoox.debug.xcconfig */;
			buildSettings = {
				ASSETCATALOG_COMPILER_APPICON_NAME = AppIcon;
				INFOPLIST_FILE = StellaMcYoox/Info.plist;
				IPHONEOS_DEPLOYMENT_TARGET = 8.0;
				LD_RUNPATH_SEARCH_PATHS = "$(inherited) @executable_path/Frameworks";
				PRODUCT_BUNDLE_IDENTIFIER = com.faustosavatteri.StellaMcYoox;
				PRODUCT_NAME = "$(TARGET_NAME)";
			};
			name = Debug;
		};
		AE33B6AB1DA25EB4000E4E6A /* Release */ = {
			isa = XCBuildConfiguration;
			baseConfigurationReference = E274CB32FBFC9C085A396FCB /* Pods-StellaMcYoox.release.xcconfig */;
			buildSettings = {
				ASSETCATALOG_COMPILER_APPICON_NAME = AppIcon;
				INFOPLIST_FILE = StellaMcYoox/Info.plist;
				IPHONEOS_DEPLOYMENT_TARGET = 8.0;
				LD_RUNPATH_SEARCH_PATHS = "$(inherited) @executable_path/Frameworks";
				PRODUCT_BUNDLE_IDENTIFIER = com.faustosavatteri.StellaMcYoox;
				PRODUCT_NAME = "$(TARGET_NAME)";
			};
			name = Release;
		};
		AE33B6AD1DA25EB4000E4E6A /* Debug */ = {
			isa = XCBuildConfiguration;
			baseConfigurationReference = E1AD55CB4A2363DD8F00C33F /* Pods-StellaMcYooxTests.debug.xcconfig */;
			buildSettings = {
				BUNDLE_LOADER = "$(TEST_HOST)";
				INFOPLIST_FILE = StellaMcYooxTests/Info.plist;
				LD_RUNPATH_SEARCH_PATHS = "$(inherited) @executable_path/Frameworks @loader_path/Frameworks";
				PRODUCT_BUNDLE_IDENTIFIER = com.faustosavatteri.StellaMcYooxTests;
				PRODUCT_NAME = "$(TARGET_NAME)";
				TEST_HOST = "$(BUILT_PRODUCTS_DIR)/StellaMcYoox.app/StellaMcYoox";
			};
			name = Debug;
		};
		AE33B6AE1DA25EB4000E4E6A /* Release */ = {
			isa = XCBuildConfiguration;
			baseConfigurationReference = E995A2A383927759A31F860A /* Pods-StellaMcYooxTests.release.xcconfig */;
			buildSettings = {
				BUNDLE_LOADER = "$(TEST_HOST)";
				INFOPLIST_FILE = StellaMcYooxTests/Info.plist;
				LD_RUNPATH_SEARCH_PATHS = "$(inherited) @executable_path/Frameworks @loader_path/Frameworks";
				PRODUCT_BUNDLE_IDENTIFIER = com.faustosavatteri.StellaMcYooxTests;
				PRODUCT_NAME = "$(TARGET_NAME)";
				TEST_HOST = "$(BUILT_PRODUCTS_DIR)/StellaMcYoox.app/StellaMcYoox";
			};
			name = Release;
		};
		AE33B6B01DA25EB4000E4E6A /* Debug */ = {
			isa = XCBuildConfiguration;
			baseConfigurationReference = A2E568415E8E7E810F91D6BB /* Pods-StellaMcYooxUITests.debug.xcconfig */;
			buildSettings = {
				INFOPLIST_FILE = StellaMcYooxUITests/Info.plist;
				LD_RUNPATH_SEARCH_PATHS = "$(inherited) @executable_path/Frameworks @loader_path/Frameworks";
				PRODUCT_BUNDLE_IDENTIFIER = com.faustosavatteri.StellaMcYooxUITests;
				PRODUCT_NAME = "$(TARGET_NAME)";
				TEST_TARGET_NAME = StellaMcYoox;
			};
			name = Debug;
		};
		AE33B6B11DA25EB4000E4E6A /* Release */ = {
			isa = XCBuildConfiguration;
			baseConfigurationReference = C1975EFA0BF2B68340E3282E /* Pods-StellaMcYooxUITests.release.xcconfig */;
			buildSettings = {
				INFOPLIST_FILE = StellaMcYooxUITests/Info.plist;
				LD_RUNPATH_SEARCH_PATHS = "$(inherited) @executable_path/Frameworks @loader_path/Frameworks";
				PRODUCT_BUNDLE_IDENTIFIER = com.faustosavatteri.StellaMcYooxUITests;
				PRODUCT_NAME = "$(TARGET_NAME)";
				TEST_TARGET_NAME = StellaMcYoox;
			};
			name = Release;
		};
/* End XCBuildConfiguration section */

/* Begin XCConfigurationList section */
		AE33B67C1DA25EB4000E4E6A /* Build configuration list for PBXProject "StellaMcYoox" */ = {
			isa = XCConfigurationList;
			buildConfigurations = (
				AE33B6A71DA25EB4000E4E6A /* Debug */,
				AE33B6A81DA25EB4000E4E6A /* Release */,
			);
			defaultConfigurationIsVisible = 0;
			defaultConfigurationName = Release;
		};
		AE33B6A91DA25EB4000E4E6A /* Build configuration list for PBXNativeTarget "StellaMcYoox" */ = {
			isa = XCConfigurationList;
			buildConfigurations = (
				AE33B6AA1DA25EB4000E4E6A /* Debug */,
				AE33B6AB1DA25EB4000E4E6A /* Release */,
			);
			defaultConfigurationIsVisible = 0;
			defaultConfigurationName = Release;
		};
		AE33B6AC1DA25EB4000E4E6A /* Build configuration list for PBXNativeTarget "StellaMcYooxTests" */ = {
			isa = XCConfigurationList;
			buildConfigurations = (
				AE33B6AD1DA25EB4000E4E6A /* Debug */,
				AE33B6AE1DA25EB4000E4E6A /* Release */,
			);
			defaultConfigurationIsVisible = 0;
			defaultConfigurationName = Release;
		};
		AE33B6AF1DA25EB4000E4E6A /* Build configuration list for PBXNativeTarget "StellaMcYooxUITests" */ = {
			isa = XCConfigurationList;
			buildConfigurations = (
				AE33B6B01DA25EB4000E4E6A /* Debug */,
				AE33B6B11DA25EB4000E4E6A /* Release */,
			);
			defaultConfigurationIsVisible = 0;
			defaultConfigurationName = Release;
		};
/* End XCConfigurationList section */
	};
	rootObject = AE33B6791DA25EB4000E4E6A /* Project object */;
}
